{
  "name": "todos",
  "version": "1.0.0",
  "lockfileVersion": 1,
  "requires": true,
  "dependencies": {
    "jets": {
      "version": "0.14.1",
      "resolved": "https://registry.npmjs.org/jets/-/jets-0.14.1.tgz",
      "integrity": "sha512-h4wbT0eCiRTTsDfSntmU8OdS9Fs5vd62IqVbmDeHcofcL+9CxobulTIdQPydkiMq5V7RiTwDwGzHvrZKHiWj7Q==",
      "dev": true
    },
    "readline-sync": {
      "version": "1.4.10",
      "resolved": "https://registry.npmjs.org/readline-sync/-/readline-sync-1.4.10.tgz",
      "integrity": "sha512-gNva8/6UAe8QYepIQH/jQ2qn91Qj0B9sYjMBBs3QOB8F2CXcKgLxQaJRP76sWVRQt+QU+8fAkCbCvjjMFu7Ycw=="
    }
  }
}
